
Microsoft Visual Studio Solution File, Format Version 12.00
# Visual Studio Version 17
VisualStudioVersion = 17.8.34004.107
MinimumVisualStudioVersion = 10.0.40219.1
Project("{9A19103F-16F7-4668-BE54-9A1E7A4F7556}") = "WordCountLib", "WordCountLib\WordCountLib.csproj", "{5690842F-CD36-4622-9B56-5C6C41B8FD29}"
EndProject
Project("{9A19103F-16F7-4668-BE54-9A1E7A4F7556}") = "WordCount", "WordCount\WordCount.csproj", "{83DAB72D-5FB2-49D5-B4CC-2D8CD8D5A424}"
EndProject
Project("{FAE04EC0-301F-11D3-BF4B-00C04F79EFBC}") = "UnitTest", "UnitTest\UnitTest.csproj", "{07746521-943E-49D7-8D2C-0ABA1D2FAE1F}"
EndProject
Global
	GlobalSection(SolutionConfigurationPlatforms) = preSolution
		Debug|Any CPU = Debug|Any CPU
		Release|Any CPU = Release|Any CPU
	EndGlobalSection
	GlobalSection(ProjectConfigurationPlatforms) = postSolution
		{5690842F-CD36-4622-9B56-5C6C41B8FD29}.Debug|Any CPU.ActiveCfg = Debug|Any CPU
		{5690842F-CD36-4622-9B56-5C6C41B8FD29}.Debug|Any CPU.Build.0 = Debug|Any CPU
		{5690842F-CD36-4622-9B56-5C6C41B8FD29}.Release|Any CPU.ActiveCfg = Release|Any CPU
		{5690842F-CD36-4622-9B56-5C6C41B8FD29}.Release|Any CPU.Build.0 = Release|Any CPU
		{83DAB72D-5FB2-49D5-B4CC-2D8CD8D5A424}.Debug|Any CPU.ActiveCfg = Debug|Any CPU
		{83DAB72D-5FB2-49D5-B4CC-2D8CD8D5A424}.Debug|Any CPU.Build.0 = Debug|Any CPU
		{83DAB72D-5FB2-49D5-B4CC-2D8CD8D5A424}.Release|Any CPU.ActiveCfg = Release|Any CPU
		{83DAB72D-5FB2-49D5-B4CC-2D8CD8D5A424}.Release|Any CPU.Build.0 = Release|Any CPU
		{07746521-943E-49D7-8D2C-0ABA1D2FAE1F}.Debug|Any CPU.ActiveCfg = Debug|Any CPU
		{07746521-943E-49D7-8D2C-0ABA1D2FAE1F}.Debug|Any CPU.Build.0 = Debug|Any CPU
		{07746521-943E-49D7-8D2C-0ABA1D2FAE1F}.Release|Any CPU.ActiveCfg = Release|Any CPU
		{07746521-943E-49D7-8D2C-0ABA1D2FAE1F}.Release|Any CPU.Build.0 = Release|Any CPU
	EndGlobalSection
	GlobalSection(SolutionProperties) = preSolution
		HideSolutionNode = FALSE
	EndGlobalSection
	GlobalSection(ExtensibilityGlobals) = postSolution
		SolutionGuid = {C7217022-6B36-42E0-B051-5A379864D760}
	EndGlobalSection
EndGlobal
